
Microsoft Visual Studio Solution File, Format Version 12.00
# Visual Studio Version 17
VisualStudioVersion = 17.11.35222.181
MinimumVisualStudioVersion = 10.0.40219.1
Project("{FAE04EC0-301F-11D3-BF4B-00C04F79EFBC}") = "Products", "Products\Products\Products.csproj", "{11B87E22-32B2-4BA5-A321-A64633FCA6E7}"
EndProject
Project("{FAE04EC0-301F-11D3-BF4B-00C04F79EFBC}") = "Products.Client", "Products\Products.Client\Products.Client.csproj", "{B638FF65-845D-4708-A658-586ACD05ABA6}"
EndProject
Global
	GlobalSection(SolutionConfigurationPlatforms) = preSolution
		Debug|Any CPU = Debug|Any CPU
		Release|Any CPU = Release|Any CPU
	EndGlobalSection
	GlobalSection(ProjectConfigurationPlatforms) = postSolution
		{11B87E22-32B2-4BA5-A321-A64633FCA6E7}.Debug|Any CPU.ActiveCfg = Debug|Any CPU
		{11B87E22-32B2-4BA5-A321-A64633FCA6E7}.Debug|Any CPU.Build.0 = Debug|Any CPU
		{11B87E22-32B2-4BA5-A321-A64633FCA6E7}.Release|Any CPU.ActiveCfg = Release|Any CPU
		{11B87E22-32B2-4BA5-A321-A64633FCA6E7}.Release|Any CPU.Build.0 = Release|Any CPU
		{B638FF65-845D-4708-A658-586ACD05ABA6}.Debug|Any CPU.ActiveCfg = Debug|Any CPU
		{B638FF65-845D-4708-A658-586ACD05ABA6}.Debug|Any CPU.Build.0 = Debug|Any CPU
		{B638FF65-845D-4708-A658-586ACD05ABA6}.Release|Any CPU.ActiveCfg = Release|Any CPU
		{B638FF65-845D-4708-A658-586ACD05ABA6}.Release|Any CPU.Build.0 = Release|Any CPU
	EndGlobalSection
	GlobalSection(SolutionProperties) = preSolution
		HideSolutionNode = FALSE
	EndGlobalSection
	GlobalSection(ExtensibilityGlobals) = postSolution
		SolutionGuid = {910869F7-2584-4973-B24F-72A19CFE4AC7}
	EndGlobalSection
EndGlobal
